
Microsoft Visual Studio Solution File, Format Version 12.00
# Visual Studio Version 17
VisualStudioVersion = 17.7.34221.43
MinimumVisualStudioVersion = 10.0.40219.1
Project("{FAE04EC0-301F-11D3-BF4B-00C04F79EFBC}") = "ConsoleApp1", "ConsoleApp1\ConsoleApp1.csproj", "{2894A34E-CF9E-4422-99C6-59EBA37A0261}"
EndProject
Global
	GlobalSection(SolutionConfigurationPlatforms) = preSolution
		Debug|Any CPU = Debug|Any CPU
		Release|Any CPU = Release|Any CPU
	EndGlobalSection
	GlobalSection(ProjectConfigurationPlatforms) = postSolution
		{2894A34E-CF9E-4422-99C6-59EBA37A0261}.Debug|Any CPU.ActiveCfg = Debug|Any CPU
		{2894A34E-CF9E-4422-99C6-59EBA37A0261}.Debug|Any CPU.Build.0 = Debug|Any CPU
		{2894A34E-CF9E-4422-99C6-59EBA37A0261}.Release|Any CPU.ActiveCfg = Release|Any CPU
		{2894A34E-CF9E-4422-99C6-59EBA37A0261}.Release|Any CPU.Build.0 = Release|Any CPU
	EndGlobalSection
	GlobalSection(SolutionProperties) = preSolution
		HideSolutionNode = FALSE
	EndGlobalSection
	GlobalSection(ExtensibilityGlobals) = postSolution
		SolutionGuid = {58CF2FCC-FFED-405D-AD0F-BC77A2A4A60B}
	EndGlobalSection
EndGlobal
